
Microsoft Visual Studio Solution File, Format Version 12.00
# Visual Studio Version 16
VisualStudioVersion = 16.0.30114.105
MinimumVisualStudioVersion = 10.0.40219.1
Project("{9A19103F-16F7-4668-BE54-9A1E7A4F7556}") = "Kudos", "Kudos\Kudos.csproj", "{15B0AA17-E54A-4A42-9733-9879D2080885}"
EndProject
Project("{2150E333-8FDC-42A3-9474-1A3956D46DE8}") = "Solution Items", "Solution Items", "{4B7CDAF9-6E80-4878-9332-D7989C3525B2}"
	ProjectSection(SolutionItems) = preProject
		.editorconfig = .editorconfig
	EndProjectSection
EndProject
Global
	GlobalSection(SolutionConfigurationPlatforms) = preSolution
		Debug|Any CPU = Debug|Any CPU
		Release|Any CPU = Release|Any CPU
	EndGlobalSection
	GlobalSection(ProjectConfigurationPlatforms) = postSolution
		{15B0AA17-E54A-4A42-9733-9879D2080885}.Debug|Any CPU.ActiveCfg = Debug|Any CPU
		{15B0AA17-E54A-4A42-9733-9879D2080885}.Debug|Any CPU.Build.0 = Debug|Any CPU
		{15B0AA17-E54A-4A42-9733-9879D2080885}.Release|Any CPU.ActiveCfg = Release|Any CPU
		{15B0AA17-E54A-4A42-9733-9879D2080885}.Release|Any CPU.Build.0 = Release|Any CPU
	EndGlobalSection
	GlobalSection(SolutionProperties) = preSolution
		HideSolutionNode = FALSE
	EndGlobalSection
	GlobalSection(ExtensibilityGlobals) = postSolution
		SolutionGuid = {1D564FAC-C0EF-4E53-920F-8A871314A95B}
	EndGlobalSection
EndGlobal
